
Microsoft Visual Studio Solution File, Format Version 12.00
# Visual Studio Version 17
VisualStudioVersion = 17.5.33424.131
MinimumVisualStudioVersion = 10.0.40219.1
Project("{FAE04EC0-301F-11D3-BF4B-00C04F79EFBC}") = "CapaPresentacion", "CapaPresentacion\CapaPresentacion.csproj", "{872FBC67-FD8A-4E7A-8DB2-D84D64F9D35D}"
EndProject
Project("{FAE04EC0-301F-11D3-BF4B-00C04F79EFBC}") = "CapaEntidad", "CapaEntidad\CapaEntidad.csproj", "{0805E968-EA18-4EC0-BD21-32B4AE5A0AB2}"
EndProject
Project("{FAE04EC0-301F-11D3-BF4B-00C04F79EFBC}") = "CapaNegocio", "CapaNegocio\CapaNegocio.csproj", "{9439F6F5-52EA-4B4E-82F1-714043BE975A}"
EndProject
Project("{FAE04EC0-301F-11D3-BF4B-00C04F79EFBC}") = "CapaDatos", "CapaDatos\CapaDatos.csproj", "{A015C3EA-AEB9-4E54-832D-1BC5BA0F8391}"
EndProject
Global
	GlobalSection(SolutionConfigurationPlatforms) = preSolution
		Debug|Any CPU = Debug|Any CPU
		Release|Any CPU = Release|Any CPU
	EndGlobalSection
	GlobalSection(ProjectConfigurationPlatforms) = postSolution
		{872FBC67-FD8A-4E7A-8DB2-D84D64F9D35D}.Debug|Any CPU.ActiveCfg = Debug|Any CPU
		{872FBC67-FD8A-4E7A-8DB2-D84D64F9D35D}.Debug|Any CPU.Build.0 = Debug|Any CPU
		{872FBC67-FD8A-4E7A-8DB2-D84D64F9D35D}.Release|Any CPU.ActiveCfg = Release|Any CPU
		{872FBC67-FD8A-4E7A-8DB2-D84D64F9D35D}.Release|Any CPU.Build.0 = Release|Any CPU
		{0805E968-EA18-4EC0-BD21-32B4AE5A0AB2}.Debug|Any CPU.ActiveCfg = Debug|Any CPU
		{0805E968-EA18-4EC0-BD21-32B4AE5A0AB2}.Debug|Any CPU.Build.0 = Debug|Any CPU
		{0805E968-EA18-4EC0-BD21-32B4AE5A0AB2}.Release|Any CPU.ActiveCfg = Release|Any CPU
		{0805E968-EA18-4EC0-BD21-32B4AE5A0AB2}.Release|Any CPU.Build.0 = Release|Any CPU
		{9439F6F5-52EA-4B4E-82F1-714043BE975A}.Debug|Any CPU.ActiveCfg = Debug|Any CPU
		{9439F6F5-52EA-4B4E-82F1-714043BE975A}.Debug|Any CPU.Build.0 = Debug|Any CPU
		{9439F6F5-52EA-4B4E-82F1-714043BE975A}.Release|Any CPU.ActiveCfg = Release|Any CPU
		{9439F6F5-52EA-4B4E-82F1-714043BE975A}.Release|Any CPU.Build.0 = Release|Any CPU
		{A015C3EA-AEB9-4E54-832D-1BC5BA0F8391}.Debug|Any CPU.ActiveCfg = Debug|Any CPU
		{A015C3EA-AEB9-4E54-832D-1BC5BA0F8391}.Debug|Any CPU.Build.0 = Debug|Any CPU
		{A015C3EA-AEB9-4E54-832D-1BC5BA0F8391}.Release|Any CPU.ActiveCfg = Release|Any CPU
		{A015C3EA-AEB9-4E54-832D-1BC5BA0F8391}.Release|Any CPU.Build.0 = Release|Any CPU
	EndGlobalSection
	GlobalSection(SolutionProperties) = preSolution
		HideSolutionNode = FALSE
	EndGlobalSection
	GlobalSection(ExtensibilityGlobals) = postSolution
		SolutionGuid = {F0404BD4-DBA3-4113-B53D-FCF515399075}
	EndGlobalSection
EndGlobal
